
Microsoft Visual Studio Solution File, Format Version 12.00
# Visual Studio Version 17
VisualStudioVersion = 17.0.31903.59
MinimumVisualStudioVersion = 10.0.40219.1
Project("{2150E333-8FDC-42A3-9474-1A3956D46DE8}") = "src", "src", "{ABB105C5-F63D-4FCF-9D36-C71EF0D26215}"
EndProject
Project("{FAE04EC0-301F-11D3-BF4B-00C04F79EFBC}") = "RoboSync.Core", "src\RoboSync.Core\RoboSync.Core.csproj", "{AD4D0F67-055F-4DC0-AF27-DA82783321E8}"
EndProject
Project("{FAE04EC0-301F-11D3-BF4B-00C04F79EFBC}") = "RoboSync.App", "src\RoboSync.App\RoboSync.App.csproj", "{BF320F0E-79D1-49A1-AF65-722B8A3C0FFB}"
EndProject
Project("{2150E333-8FDC-42A3-9474-1A3956D46DE8}") = "tests", "tests", "{0FA1BCFC-EDAE-46EF-9E6D-1722DDD89580}"
EndProject
Project("{FAE04EC0-301F-11D3-BF4B-00C04F79EFBC}") = "RoboSync.Core.Tests", "tests\RoboSync.Core.Tests\RoboSync.Core.Tests.csproj", "{A5774E74-8F7E-4742-8DD4-11D1D0623638}"
EndProject
Global
	GlobalSection(SolutionConfigurationPlatforms) = preSolution
		Debug|Any CPU = Debug|Any CPU
		Release|Any CPU = Release|Any CPU
	EndGlobalSection
	GlobalSection(SolutionProperties) = preSolution
		HideSolutionNode = FALSE
	EndGlobalSection
	GlobalSection(ProjectConfigurationPlatforms) = postSolution
		{AD4D0F67-055F-4DC0-AF27-DA82783321E8}.Debug|Any CPU.ActiveCfg = Debug|Any CPU
		{AD4D0F67-055F-4DC0-AF27-DA82783321E8}.Debug|Any CPU.Build.0 = Debug|Any CPU
		{AD4D0F67-055F-4DC0-AF27-DA82783321E8}.Release|Any CPU.ActiveCfg = Release|Any CPU
		{AD4D0F67-055F-4DC0-AF27-DA82783321E8}.Release|Any CPU.Build.0 = Release|Any CPU
		{BF320F0E-79D1-49A1-AF65-722B8A3C0FFB}.Debug|Any CPU.ActiveCfg = Debug|Any CPU
		{BF320F0E-79D1-49A1-AF65-722B8A3C0FFB}.Debug|Any CPU.Build.0 = Debug|Any CPU
		{BF320F0E-79D1-49A1-AF65-722B8A3C0FFB}.Release|Any CPU.ActiveCfg = Release|Any CPU
		{BF320F0E-79D1-49A1-AF65-722B8A3C0FFB}.Release|Any CPU.Build.0 = Release|Any CPU
		{A5774E74-8F7E-4742-8DD4-11D1D0623638}.Debug|Any CPU.ActiveCfg = Debug|Any CPU
		{A5774E74-8F7E-4742-8DD4-11D1D0623638}.Debug|Any CPU.Build.0 = Debug|Any CPU
		{A5774E74-8F7E-4742-8DD4-11D1D0623638}.Release|Any CPU.ActiveCfg = Release|Any CPU
		{A5774E74-8F7E-4742-8DD4-11D1D0623638}.Release|Any CPU.Build.0 = Release|Any CPU
	EndGlobalSection
	GlobalSection(NestedProjects) = preSolution
		{AD4D0F67-055F-4DC0-AF27-DA82783321E8} = {ABB105C5-F63D-4FCF-9D36-C71EF0D26215}
		{BF320F0E-79D1-49A1-AF65-722B8A3C0FFB} = {ABB105C5-F63D-4FCF-9D36-C71EF0D26215}
		{A5774E74-8F7E-4742-8DD4-11D1D0623638} = {0FA1BCFC-EDAE-46EF-9E6D-1722DDD89580}
	EndGlobalSection
EndGlobal
